
Microsoft Visual Studio Solution File, Format Version 12.00
# Visual Studio Version 17
VisualStudioVersion = 17.0.31903.59
MinimumVisualStudioVersion = 10.0.40219.1
Project("{FAE04EC0-301F-11D3-BF4B-00C04F79EFBC}") = "Todo", "Todo\Todo.csproj", "{DC7556A8-DE09-42C5-98D5-ED01EB7DDAFD}"
EndProject
Global
	GlobalSection(SolutionConfigurationPlatforms) = preSolution
		Debug|Any CPU = Debug|Any CPU
		Debug|x64 = Debug|x64
		Debug|x86 = Debug|x86
		Release|Any CPU = Release|Any CPU
		Release|x64 = Release|x64
		Release|x86 = Release|x86
	EndGlobalSection
	GlobalSection(ProjectConfigurationPlatforms) = postSolution
		{DC7556A8-DE09-42C5-98D5-ED01EB7DDAFD}.Debug|Any CPU.ActiveCfg = Debug|Any CPU
		{DC7556A8-DE09-42C5-98D5-ED01EB7DDAFD}.Debug|Any CPU.Build.0 = Debug|Any CPU
		{DC7556A8-DE09-42C5-98D5-ED01EB7DDAFD}.Debug|x64.ActiveCfg = Debug|Any CPU
		{DC7556A8-DE09-42C5-98D5-ED01EB7DDAFD}.Debug|x64.Build.0 = Debug|Any CPU
		{DC7556A8-DE09-42C5-98D5-ED01EB7DDAFD}.Debug|x86.ActiveCfg = Debug|Any CPU
		{DC7556A8-DE09-42C5-98D5-ED01EB7DDAFD}.Debug|x86.Build.0 = Debug|Any CPU
		{DC7556A8-DE09-42C5-98D5-ED01EB7DDAFD}.Release|Any CPU.ActiveCfg = Release|Any CPU
		{DC7556A8-DE09-42C5-98D5-ED01EB7DDAFD}.Release|Any CPU.Build.0 = Release|Any CPU
		{DC7556A8-DE09-42C5-98D5-ED01EB7DDAFD}.Release|x64.ActiveCfg = Release|Any CPU
		{DC7556A8-DE09-42C5-98D5-ED01EB7DDAFD}.Release|x64.Build.0 = Release|Any CPU
		{DC7556A8-DE09-42C5-98D5-ED01EB7DDAFD}.Release|x86.ActiveCfg = Release|Any CPU
		{DC7556A8-DE09-42C5-98D5-ED01EB7DDAFD}.Release|x86.Build.0 = Release|Any CPU
	EndGlobalSection
	GlobalSection(SolutionProperties) = preSolution
		HideSolutionNode = FALSE
	EndGlobalSection
EndGlobal
